<?xml version="1.0" encoding="utf-8"?>
<Project ToolsVersion="4.0" xmlns="http://schemas.microsoft.com/developer/msbuild/2003">
  <ItemGroup>
    <Filter Include="Source Files">
      <UniqueIdentifier>{4FC737F1-C7A5-4376-A066-2A32D752A2FF}</UniqueIdentifier>
      <Extensions>cpp;c;cc;cxx;def;odl;idl;hpj;bat;asm;asmx</Extensions>
    </Filter>
    <Filter Include="Header Files">
      <UniqueIdentifier>{93995380-89BD-4b04-88EB-625FBE52EBFB}</UniqueIdentifier>
      <Extensions>h;hh;hpp;hxx;hm;inl;inc;xsd</Extensions>
    </Filter>
    <Filter Include="Resource Files">
      <UniqueIdentifier>{67DA6AB6-F800-4c08-8B7A-83BB121AAD01}</UniqueIdentifier>
      <Extensions>rc;ico;cur;bmp;dlg;rc2;rct;bin;rgs;gif;jpg;jpeg;jpe;resx;tiff;tif;png;wav;mfcribbon-ms</Extensions>
    </Filter>
  </ItemGroup>
  <ItemGroup>
    <None Include="Anidea-FX-Framework.ino" />
  </ItemGroup>
  <ItemGroup>
    <ClInclude Include="__vm\.Anidea-FX-Framework.vsarduino.h">
      <Filter>Header Files</Filter>
    </ClInclude>
    <ClInclude Include="CCModBus.h">
      <Filter>Header Files</Filter>
    </ClInclude>
    <ClInclude Include="fx300.h">
      <Filter>Header Files</Filter>
    </ClInclude>
    <ClInclude Include="fx450.h">
      <Filter>Header Files</Filter>
    </ClInclude>
    <ClInclude Include="fx60.h">
      <Filter>Header Files</Filter>
    </ClInclude>
    <ClInclude Include="game.h">
      <Filter>Header Files</Filter>
    </ClInclude>
    <ClInclude Include="game_empty.h">
      <Filter>Header Files</Filter>
    </ClInclude>
    <ClInclude Include="game_inputsequence.h">
      <Filter>Header Files</Filter>
    </ClInclude>
    <ClInclude Include="game_rfid.h">
      <Filter>Header Files</Filter>
    </ClInclude>
    <ClInclude Include="game_room.h">
      <Filter>Header Files</Filter>
    </ClInclude>
    <ClInclude Include="game_sequencedetect.h">
      <Filter>Header Files</Filter>
    </ClInclude>
    <ClInclude Include="game_simplegame.h">
      <Filter>Header Files</Filter>
    </ClInclude>
    <ClInclude Include="game_sixwire.h">
      <Filter>Header Files</Filter>
    </ClInclude>
    <ClInclude Include="network.h">
      <Filter>Header Files</Filter>
    </ClInclude>
    <ClInclude Include="network_cluecontrol.h">
      <Filter>Header Files</Filter>
    </ClInclude>
    <ClInclude Include="network_empty.h">
      <Filter>Header Files</Filter>
    </ClInclude>
    <ClInclude Include="network_escaperoommaster.h">
      <Filter>Header Files</Filter>
    </ClInclude>
    <ClInclude Include="network_houdinimc.h">
      <Filter>Header Files</Filter>
    </ClInclude>
    <ClInclude Include="network_mqtt.h">
      <Filter>Header Files</Filter>
    </ClInclude>
  </ItemGroup>
  <ItemGroup>
    <ClCompile Include="CCModBus.cpp">
      <Filter>Source Files</Filter>
    </ClCompile>
    <ClCompile Include="game.cpp">
      <Filter>Source Files</Filter>
    </ClCompile>
    <ClCompile Include="game_inputsequence.cpp">
      <Filter>Source Files</Filter>
    </ClCompile>
    <ClCompile Include="game_rfid.cpp">
      <Filter>Source Files</Filter>
    </ClCompile>
    <ClCompile Include="game_room.cpp">
      <Filter>Source Files</Filter>
    </ClCompile>
    <ClCompile Include="game_sequencedetect.cpp">
      <Filter>Source Files</Filter>
    </ClCompile>
    <ClCompile Include="game_simplegame.cpp">
      <Filter>Source Files</Filter>
    </ClCompile>
    <ClCompile Include="game_sixwire.cpp">
      <Filter>Source Files</Filter>
    </ClCompile>
    <ClCompile Include="network.cpp">
      <Filter>Source Files</Filter>
    </ClCompile>
    <ClCompile Include="network_cluecontrol.cpp">
      <Filter>Source Files</Filter>
    </ClCompile>
    <ClCompile Include="network_escaperoommaster.cpp">
      <Filter>Source Files</Filter>
    </ClCompile>
    <ClCompile Include="network_houdinimc.cpp">
      <Filter>Source Files</Filter>
    </ClCompile>
    <ClCompile Include="network_mqtt.cpp">
      <Filter>Source Files</Filter>
    </ClCompile>
  </ItemGroup>
</Project>